{
    "_readme": [
        "This file locks the dependencies of your project to a known state",
        "Read more about it at https://getcomposer.org/doc/01-basic-usage.md#composer-lock-the-lock-file",
        "This file is @generated automatically"
    ],
    "content-hash": "812461989c46f8e3266464c7d3ab1533",
    "packages": [
        {
            "name": "denha/framework",
            "version": "v1.1.11",
            "source": {
                "type": "git",
                "url": "https://github.com/denhaphp/framework.git",
                "reference": "db5e23a2e11ac14708ba7f5aed7536f73a62836f"
            },
            "dist": {
                "type": "zip",
                "url": "https://api.github.com/repos/denhaphp/framework/zipball/db5e23a2e11ac14708ba7f5aed7536f73a62836f",
                "reference": "db5e23a2e11ac14708ba7f5aed7536f73a62836f",
                "shasum": ""
            },
            "require": {
                "php": ">=5.6.0"
            },
            "type": "library",
            "autoload": {
                "files": [
                    "helper.php"
                ],
                "psr-4": {
                    "denha\\": "src"
                }
            },
            "notification-url": "https://packagist.org/downloads/",
            "license": [
                "MIT"
            ],
            "authors": [
                {
                    "name": "siyue",
                    "email": "350375092@qq.com"
                }
            ],
            "description": "The denha Framework.",
            "homepage": "https://denha.cn",
            "keywords": [
                "denha",
                "framework"
            ],
            "time": "2019-01-11T06:29:03+00:00"
        }
    ],
    "packages-dev": [],
    "aliases": [],
    "minimum-stability": "stable",
    "stability-flags": [],
    "prefer-stable": false,
    "prefer-lowest": false,
    "platform": {
        "php": ">=5.6.0"
    },
    "platform-dev": []
}
